
Microsoft Visual Studio Solution File, Format Version 12.00
# Visual Studio Version 16
VisualStudioVersion = 16.0.29123.88
MinimumVisualStudioVersion = 10.0.40219.1
Project("{FAE04EC0-301F-11D3-BF4B-00C04F79EFBC}") = "ICE_Binding", "ICE_Binding\ICE_Binding.csproj", "{6CE5982E-7074-4BC9-AA10-1BB4BA4AE67D}"
EndProject
Project("{FAE04EC0-301F-11D3-BF4B-00C04F79EFBC}") = "ICE.Gsyplay.Droid", "ICE.Gsyplay.Droid\ICE.Gsyplay.Droid.csproj", "{5F8CE024-CB23-451C-8277-167D63AE7141}"
EndProject
Project("{FAE04EC0-301F-11D3-BF4B-00C04F79EFBC}") = "ICE.Gsyplayer.Base", "ICE.Gsyplayer.Base\ICE.Gsyplayer.Base.csproj", "{00D243F3-63D6-45D3-9D42-B76B05A33A54}"
EndProject
Project("{FAE04EC0-301F-11D3-BF4B-00C04F79EFBC}") = "ICE.Gsyplayer.Cache", "ICE.Gsyplayer.Cache\ICE.Gsyplayer.Cache.csproj", "{148E1808-F998-46C1-BF85-084E3A752078}"
EndProject
Global
	GlobalSection(SolutionConfigurationPlatforms) = preSolution
		Debug|Any CPU = Debug|Any CPU
		Release|Any CPU = Release|Any CPU
	EndGlobalSection
	GlobalSection(ProjectConfigurationPlatforms) = postSolution
		{6CE5982E-7074-4BC9-AA10-1BB4BA4AE67D}.Debug|Any CPU.ActiveCfg = Debug|Any CPU
		{6CE5982E-7074-4BC9-AA10-1BB4BA4AE67D}.Debug|Any CPU.Build.0 = Debug|Any CPU
		{6CE5982E-7074-4BC9-AA10-1BB4BA4AE67D}.Debug|Any CPU.Deploy.0 = Debug|Any CPU
		{6CE5982E-7074-4BC9-AA10-1BB4BA4AE67D}.Release|Any CPU.ActiveCfg = Release|Any CPU
		{6CE5982E-7074-4BC9-AA10-1BB4BA4AE67D}.Release|Any CPU.Build.0 = Release|Any CPU
		{6CE5982E-7074-4BC9-AA10-1BB4BA4AE67D}.Release|Any CPU.Deploy.0 = Release|Any CPU
		{5F8CE024-CB23-451C-8277-167D63AE7141}.Debug|Any CPU.ActiveCfg = Debug|Any CPU
		{5F8CE024-CB23-451C-8277-167D63AE7141}.Debug|Any CPU.Build.0 = Debug|Any CPU
		{5F8CE024-CB23-451C-8277-167D63AE7141}.Release|Any CPU.ActiveCfg = Release|Any CPU
		{5F8CE024-CB23-451C-8277-167D63AE7141}.Release|Any CPU.Build.0 = Release|Any CPU
		{00D243F3-63D6-45D3-9D42-B76B05A33A54}.Debug|Any CPU.ActiveCfg = Debug|Any CPU
		{00D243F3-63D6-45D3-9D42-B76B05A33A54}.Debug|Any CPU.Build.0 = Debug|Any CPU
		{00D243F3-63D6-45D3-9D42-B76B05A33A54}.Release|Any CPU.ActiveCfg = Release|Any CPU
		{00D243F3-63D6-45D3-9D42-B76B05A33A54}.Release|Any CPU.Build.0 = Release|Any CPU
		{148E1808-F998-46C1-BF85-084E3A752078}.Debug|Any CPU.ActiveCfg = Debug|Any CPU
		{148E1808-F998-46C1-BF85-084E3A752078}.Debug|Any CPU.Build.0 = Debug|Any CPU
		{148E1808-F998-46C1-BF85-084E3A752078}.Release|Any CPU.ActiveCfg = Release|Any CPU
		{148E1808-F998-46C1-BF85-084E3A752078}.Release|Any CPU.Build.0 = Release|Any CPU
	EndGlobalSection
	GlobalSection(SolutionProperties) = preSolution
		HideSolutionNode = FALSE
	EndGlobalSection
	GlobalSection(ExtensibilityGlobals) = postSolution
		SolutionGuid = {106DFCA6-0FD8-408A-A825-4E44A6FD399D}
	EndGlobalSection
EndGlobal
